// !$*UTF8*$!
{
	archiveVersion = 1;
	classes = {
	};
	objectVersion = 46;
	objects = {

/* Begin PBXBuildFile section */
		CE1ABB0A158F407B00F5F73A /* Strategy.h in Headers */ = {isa = PBXBuildFile; fileRef = CE1ABB09158F407A00F5F73A /* Strategy.h */; };
		CE1ABB0E158F435100F5F73A /* BayesModel.h in Headers */ = {isa = PBXBuildFile; fileRef = CE1ABB0C158F435000F5F73A /* BayesModel.h */; };
		CE1ABB0F158F435100F5F73A /* BayesModel.m in Sources */ = {isa = PBXBuildFile; fileRef = CE1ABB0D158F435100F5F73A /* BayesModel.m */; };
		CE1ABB1A158F45CA00F5F73A /* DB.h in Headers */ = {isa = PBXBuildFile; fileRef = CE1ABB12158F45CA00F5F73A /* DB.h */; };
		CE1ABB1B158F45CA00F5F73A /* DB.m in Sources */ = {isa = PBXBuildFile; fileRef = CE1ABB13158F45CA00F5F73A /* DB.m */; };
		CE1ABB1C158F45CA00F5F73A /* Record.h in Headers */ = {isa = PBXBuildFile; fileRef = CE1ABB14158F45CA00F5F73A /* Record.h */; };
		CE1ABB1D158F45CA00F5F73A /* Record.m in Sources */ = {isa = PBXBuildFile; fileRef = CE1ABB15158F45CA00F5F73A /* Record.m */; };
		CE1ABB1E158F45CA00F5F73A /* BaseDao.h in Headers */ = {isa = PBXBuildFile; fileRef = CE1ABB16158F45CA00F5F73A /* BaseDao.h */; };
		CE1ABB1F158F45CA00F5F73A /* BaseDao.m in Sources */ = {isa = PBXBuildFile; fileRef = CE1ABB17158F45CA00F5F73A /* BaseDao.m */; };
		CE1ABB20158F45CA00F5F73A /* RecordDao.h in Headers */ = {isa = PBXBuildFile; fileRef = CE1ABB18158F45CA00F5F73A /* RecordDao.h */; };
		CE1ABB21158F45CA00F5F73A /* RecordDao.m in Sources */ = {isa = PBXBuildFile; fileRef = CE1ABB19158F45CA00F5F73A /* RecordDao.m */; };
		CE1ABB28158F464000F5F73A /* RecordBean.h in Headers */ = {isa = PBXBuildFile; fileRef = CE1ABB26158F463F00F5F73A /* RecordBean.h */; };
		CE1ABB29158F464000F5F73A /* RecordBean.m in Sources */ = {isa = PBXBuildFile; fileRef = CE1ABB27158F464000F5F73A /* RecordBean.m */; };
		CE1ABB2B158F47E700F5F73A /* libsqlite3.dylib in Frameworks */ = {isa = PBXBuildFile; fileRef = CE1ABB2A158F47E600F5F73A /* libsqlite3.dylib */; };
		CE1ABB33158F498B00F5F73A /* FMDatabase.h in Headers */ = {isa = PBXBuildFile; fileRef = CE1ABB2D158F498B00F5F73A /* FMDatabase.h */; };
		CE1ABB34158F498B00F5F73A /* FMDatabase.m in Sources */ = {isa = PBXBuildFile; fileRef = CE1ABB2E158F498B00F5F73A /* FMDatabase.m */; };
		CE1ABB35158F498B00F5F73A /* FMDatabaseAdditions.h in Headers */ = {isa = PBXBuildFile; fileRef = CE1ABB2F158F498B00F5F73A /* FMDatabaseAdditions.h */; };
		CE1ABB36158F498B00F5F73A /* FMDatabaseAdditions.m in Sources */ = {isa = PBXBuildFile; fileRef = CE1ABB30158F498B00F5F73A /* FMDatabaseAdditions.m */; };
		CE1ABB37158F498B00F5F73A /* FMResultSet.h in Headers */ = {isa = PBXBuildFile; fileRef = CE1ABB31158F498B00F5F73A /* FMResultSet.h */; };
		CE1ABB38158F498B00F5F73A /* FMResultSet.m in Sources */ = {isa = PBXBuildFile; fileRef = CE1ABB32158F498B00F5F73A /* FMResultSet.m */; };
		CEDC3732158F5983002A39C6 /* PCServerCommunicator.h in Headers */ = {isa = PBXBuildFile; fileRef = CEDC372C158F5983002A39C6 /* PCServerCommunicator.h */; };
		CEDC3733158F5983002A39C6 /* PCServerCommunicator.m in Sources */ = {isa = PBXBuildFile; fileRef = CEDC372D158F5983002A39C6 /* PCServerCommunicator.m */; };
		CEDC3734158F5983002A39C6 /* PCServerPackageParser.h in Headers */ = {isa = PBXBuildFile; fileRef = CEDC372E158F5983002A39C6 /* PCServerPackageParser.h */; };
		CEDC3735158F5983002A39C6 /* PCServerPackageParser.m in Sources */ = {isa = PBXBuildFile; fileRef = CEDC372F158F5983002A39C6 /* PCServerPackageParser.m */; };
		CEDC3736158F5983002A39C6 /* PCURLConnection.h in Headers */ = {isa = PBXBuildFile; fileRef = CEDC3730158F5983002A39C6 /* PCURLConnection.h */; };
		CEDC3737158F5983002A39C6 /* PCURLConnection.m in Sources */ = {isa = PBXBuildFile; fileRef = CEDC3731158F5983002A39C6 /* PCURLConnection.m */; };
		CEEDC9FE158C74EB00C965FC /* DeviceSence.h in Headers */ = {isa = PBXBuildFile; fileRef = CEEDC9FD158C74EB00C965FC /* DeviceSence.h */; };
		CEEDCA02158C755D00C965FC /* SuperDeviceSence.h in Headers */ = {isa = PBXBuildFile; fileRef = CEEDCA00158C755D00C965FC /* SuperDeviceSence.h */; };
		CEEDCA03158C755D00C965FC /* SuperDeviceSence.m in Sources */ = {isa = PBXBuildFile; fileRef = CEEDCA01158C755D00C965FC /* SuperDeviceSence.m */; };
		CEEDCA06158C7AC600C965FC /* TimeDeviceSence.h in Headers */ = {isa = PBXBuildFile; fileRef = CEEDCA04158C7AC600C965FC /* TimeDeviceSence.h */; };
		CEEDCA07158C7AC600C965FC /* TimeDeviceSence.m in Sources */ = {isa = PBXBuildFile; fileRef = CEEDCA05158C7AC600C965FC /* TimeDeviceSence.m */; };
		CEFA5C2E158F5BAF0058A4B5 /* PCMacAddress.h in Headers */ = {isa = PBXBuildFile; fileRef = CEFA5C2C158F5BAF0058A4B5 /* PCMacAddress.h */; };
		CEFA5C2F158F5BAF0058A4B5 /* PCMacAddress.m in Sources */ = {isa = PBXBuildFile; fileRef = CEFA5C2D158F5BAF0058A4B5 /* PCMacAddress.m */; };
		CEFA5C38158F61220058A4B5 /* RecordData.h in Headers */ = {isa = PBXBuildFile; fileRef = CEFA5C36158F61210058A4B5 /* RecordData.h */; };
		CEFA5C39158F61220058A4B5 /* RecordData.m in Sources */ = {isa = PBXBuildFile; fileRef = CEFA5C37158F61210058A4B5 /* RecordData.m */; };
		CEFB1829158C5404007A121F /* Foundation.framework in Frameworks */ = {isa = PBXBuildFile; fileRef = CEFB1828158C5404007A121F /* Foundation.framework */; };
		CEFB182F158C5404007A121F /* BehaviorFramework.m in Sources */ = {isa = PBXBuildFile; fileRef = CEFB182E158C5404007A121F /* BehaviorFramework.m */; };
		CEFB1837158C54F4007A121F /* BehaviorController.h in Headers */ = {isa = PBXBuildFile; fileRef = CEFB1835158C54F4007A121F /* BehaviorController.h */; };
		CEFB1838158C54F4007A121F /* BehaviorController.m in Sources */ = {isa = PBXBuildFile; fileRef = CEFB1836158C54F4007A121F /* BehaviorController.m */; };
		CEFE849B158CBC5B007BE627 /* Constant.h in Headers */ = {isa = PBXBuildFile; fileRef = CEFE8499158CBC5B007BE627 /* Constant.h */; };
		CEFE849C158CBC5B007BE627 /* Constant.m in Sources */ = {isa = PBXBuildFile; fileRef = CEFE849A158CBC5B007BE627 /* Constant.m */; };
/* End PBXBuildFile section */

/* Begin PBXFileReference section */
		CE1ABB09158F407A00F5F73A /* Strategy.h */ = {isa = PBXFileReference; fileEncoding = 4; lastKnownFileType = sourcecode.c.h; path = Strategy.h; sourceTree = "<group>"; };
		CE1ABB0C158F435000F5F73A /* BayesModel.h */ = {isa = PBXFileReference; fileEncoding = 4; lastKnownFileType = sourcecode.c.h; path = BayesModel.h; sourceTree = "<group>"; };
		CE1ABB0D158F435100F5F73A /* BayesModel.m */ = {isa = PBXFileReference; fileEncoding = 4; lastKnownFileType = sourcecode.c.objc; path = BayesModel.m; sourceTree = "<group>"; };
		CE1ABB12158F45CA00F5F73A /* DB.h */ = {isa = PBXFileReference; fileEncoding = 4; lastKnownFileType = sourcecode.c.h; path = DB.h; sourceTree = "<group>"; };
		CE1ABB13158F45CA00F5F73A /* DB.m */ = {isa = PBXFileReference; fileEncoding = 4; lastKnownFileType = sourcecode.c.objc; path = DB.m; sourceTree = "<group>"; };
		CE1ABB14158F45CA00F5F73A /* Record.h */ = {isa = PBXFileReference; fileEncoding = 4; lastKnownFileType = sourcecode.c.h; path = Record.h; sourceTree = "<group>"; };
		CE1ABB15158F45CA00F5F73A /* Record.m */ = {isa = PBXFileReference; fileEncoding = 4; lastKnownFileType = sourcecode.c.objc; path = Record.m; sourceTree = "<group>"; };
		CE1ABB16158F45CA00F5F73A /* BaseDao.h */ = {isa = PBXFileReference; fileEncoding = 4; lastKnownFileType = sourcecode.c.h; path = BaseDao.h; sourceTree = "<group>"; };
		CE1ABB17158F45CA00F5F73A /* BaseDao.m */ = {isa = PBXFileReference; fileEncoding = 4; lastKnownFileType = sourcecode.c.objc; path = BaseDao.m; sourceTree = "<group>"; };
		CE1ABB18158F45CA00F5F73A /* RecordDao.h */ = {isa = PBXFileReference; fileEncoding = 4; lastKnownFileType = sourcecode.c.h; path = RecordDao.h; sourceTree = "<group>"; };
		CE1ABB19158F45CA00F5F73A /* RecordDao.m */ = {isa = PBXFileReference; fileEncoding = 4; lastKnownFileType = sourcecode.c.objc; path = RecordDao.m; sourceTree = "<group>"; };
		CE1ABB26158F463F00F5F73A /* RecordBean.h */ = {isa = PBXFileReference; fileEncoding = 4; lastKnownFileType = sourcecode.c.h; path = RecordBean.h; sourceTree = "<group>"; };
		CE1ABB27158F464000F5F73A /* RecordBean.m */ = {isa = PBXFileReference; fileEncoding = 4; lastKnownFileType = sourcecode.c.objc; path = RecordBean.m; sourceTree = "<group>"; };
		CE1ABB2A158F47E600F5F73A /* libsqlite3.dylib */ = {isa = PBXFileReference; lastKnownFileType = "compiled.mach-o.dylib"; name = libsqlite3.dylib; path = usr/lib/libsqlite3.dylib; sourceTree = SDKROOT; };
		CE1ABB2D158F498B00F5F73A /* FMDatabase.h */ = {isa = PBXFileReference; fileEncoding = 4; lastKnownFileType = sourcecode.c.h; path = FMDatabase.h; sourceTree = "<group>"; };
		CE1ABB2E158F498B00F5F73A /* FMDatabase.m */ = {isa = PBXFileReference; fileEncoding = 4; lastKnownFileType = sourcecode.c.objc; path = FMDatabase.m; sourceTree = "<group>"; };
		CE1ABB2F158F498B00F5F73A /* FMDatabaseAdditions.h */ = {isa = PBXFileReference; fileEncoding = 4; lastKnownFileType = sourcecode.c.h; path = FMDatabaseAdditions.h; sourceTree = "<group>"; };
		CE1ABB30158F498B00F5F73A /* FMDatabaseAdditions.m */ = {isa = PBXFileReference; fileEncoding = 4; lastKnownFileType = sourcecode.c.objc; path = FMDatabaseAdditions.m; sourceTree = "<group>"; };
		CE1ABB31158F498B00F5F73A /* FMResultSet.h */ = {isa = PBXFileReference; fileEncoding = 4; lastKnownFileType = sourcecode.c.h; path = FMResultSet.h; sourceTree = "<group>"; };
		CE1ABB32158F498B00F5F73A /* FMResultSet.m */ = {isa = PBXFileReference; fileEncoding = 4; lastKnownFileType = sourcecode.c.objc; path = FMResultSet.m; sourceTree = "<group>"; };
		CEDC372C158F5983002A39C6 /* PCServerCommunicator.h */ = {isa = PBXFileReference; fileEncoding = 4; lastKnownFileType = sourcecode.c.h; path = PCServerCommunicator.h; sourceTree = "<group>"; };
		CEDC372D158F5983002A39C6 /* PCServerCommunicator.m */ = {isa = PBXFileReference; fileEncoding = 4; lastKnownFileType = sourcecode.c.objc; path = PCServerCommunicator.m; sourceTree = "<group>"; };
		CEDC372E158F5983002A39C6 /* PCServerPackageParser.h */ = {isa = PBXFileReference; fileEncoding = 4; lastKnownFileType = sourcecode.c.h; path = PCServerPackageParser.h; sourceTree = "<group>"; };
		CEDC372F158F5983002A39C6 /* PCServerPackageParser.m */ = {isa = PBXFileReference; fileEncoding = 4; lastKnownFileType = sourcecode.c.objc; path = PCServerPackageParser.m; sourceTree = "<group>"; };
		CEDC3730158F5983002A39C6 /* PCURLConnection.h */ = {isa = PBXFileReference; fileEncoding = 4; lastKnownFileType = sourcecode.c.h; path = PCURLConnection.h; sourceTree = "<group>"; };
		CEDC3731158F5983002A39C6 /* PCURLConnection.m */ = {isa = PBXFileReference; fileEncoding = 4; lastKnownFileType = sourcecode.c.objc; path = PCURLConnection.m; sourceTree = "<group>"; };
		CEEDC9FD158C74EB00C965FC /* DeviceSence.h */ = {isa = PBXFileReference; fileEncoding = 4; lastKnownFileType = sourcecode.c.h; path = DeviceSence.h; sourceTree = "<group>"; };
		CEEDCA00158C755D00C965FC /* SuperDeviceSence.h */ = {isa = PBXFileReference; fileEncoding = 4; lastKnownFileType = sourcecode.c.h; path = SuperDeviceSence.h; sourceTree = "<group>"; };
		CEEDCA01158C755D00C965FC /* SuperDeviceSence.m */ = {isa = PBXFileReference; fileEncoding = 4; lastKnownFileType = sourcecode.c.objc; path = SuperDeviceSence.m; sourceTree = "<group>"; };
		CEEDCA04158C7AC600C965FC /* TimeDeviceSence.h */ = {isa = PBXFileReference; fileEncoding = 4; lastKnownFileType = sourcecode.c.h; path = TimeDeviceSence.h; sourceTree = "<group>"; };
		CEEDCA05158C7AC600C965FC /* TimeDeviceSence.m */ = {isa = PBXFileReference; fileEncoding = 4; lastKnownFileType = sourcecode.c.objc; path = TimeDeviceSence.m; sourceTree = "<group>"; };
		CEFA5C2C158F5BAF0058A4B5 /* PCMacAddress.h */ = {isa = PBXFileReference; fileEncoding = 4; lastKnownFileType = sourcecode.c.h; path = PCMacAddress.h; sourceTree = "<group>"; };
		CEFA5C2D158F5BAF0058A4B5 /* PCMacAddress.m */ = {isa = PBXFileReference; fileEncoding = 4; lastKnownFileType = sourcecode.c.objc; path = PCMacAddress.m; sourceTree = "<group>"; };
		CEFA5C36158F61210058A4B5 /* RecordData.h */ = {isa = PBXFileReference; fileEncoding = 4; lastKnownFileType = sourcecode.c.h; path = RecordData.h; sourceTree = "<group>"; };
		CEFA5C37158F61210058A4B5 /* RecordData.m */ = {isa = PBXFileReference; fileEncoding = 4; lastKnownFileType = sourcecode.c.objc; path = RecordData.m; sourceTree = "<group>"; };
		CEFB1825158C5404007A121F /* libBehaviorFramework.a */ = {isa = PBXFileReference; explicitFileType = archive.ar; includeInIndex = 0; path = libBehaviorFramework.a; sourceTree = BUILT_PRODUCTS_DIR; };
		CEFB1828158C5404007A121F /* Foundation.framework */ = {isa = PBXFileReference; lastKnownFileType = wrapper.framework; name = Foundation.framework; path = System/Library/Frameworks/Foundation.framework; sourceTree = SDKROOT; };
		CEFB182C158C5404007A121F /* BehaviorFramework-Prefix.pch */ = {isa = PBXFileReference; lastKnownFileType = sourcecode.c.h; path = "BehaviorFramework-Prefix.pch"; sourceTree = "<group>"; };
		CEFB182D158C5404007A121F /* BehaviorFramework.h */ = {isa = PBXFileReference; lastKnownFileType = sourcecode.c.h; path = BehaviorFramework.h; sourceTree = "<group>"; };
		CEFB182E158C5404007A121F /* BehaviorFramework.m */ = {isa = PBXFileReference; lastKnownFileType = sourcecode.c.objc; path = BehaviorFramework.m; sourceTree = "<group>"; };
		CEFB1835158C54F4007A121F /* BehaviorController.h */ = {isa = PBXFileReference; fileEncoding = 4; lastKnownFileType = sourcecode.c.h; path = BehaviorController.h; sourceTree = "<group>"; };
		CEFB1836158C54F4007A121F /* BehaviorController.m */ = {isa = PBXFileReference; fileEncoding = 4; lastKnownFileType = sourcecode.c.objc; path = BehaviorController.m; sourceTree = "<group>"; };
		CEFE8499158CBC5B007BE627 /* Constant.h */ = {isa = PBXFileReference; fileEncoding = 4; lastKnownFileType = sourcecode.c.h; path = Constant.h; sourceTree = "<group>"; };
		CEFE849A158CBC5B007BE627 /* Constant.m */ = {isa = PBXFileReference; fileEncoding = 4; lastKnownFileType = sourcecode.c.objc; path = Constant.m; sourceTree = "<group>"; };
/* End PBXFileReference section */

/* Begin PBXFrameworksBuildPhase section */
		CEFB1822158C5404007A121F /* Frameworks */ = {
			isa = PBXFrameworksBuildPhase;
			buildActionMask = 2147483647;
			files = (
				CE1ABB2B158F47E700F5F73A /* libsqlite3.dylib in Frameworks */,
				CEFB1829158C5404007A121F /* Foundation.framework in Frameworks */,
			);
			runOnlyForDeploymentPostprocessing = 0;
		};
/* End PBXFrameworksBuildPhase section */

/* Begin PBXGroup section */
		CE1ABB10158F45AC00F5F73A /* DAO */ = {
			isa = PBXGroup;
			children = (
				CE1ABB12158F45CA00F5F73A /* DB.h */,
				CE1ABB13158F45CA00F5F73A /* DB.m */,
				CE1ABB14158F45CA00F5F73A /* Record.h */,
				CE1ABB15158F45CA00F5F73A /* Record.m */,
				CE1ABB16158F45CA00F5F73A /* BaseDao.h */,
				CE1ABB17158F45CA00F5F73A /* BaseDao.m */,
				CE1ABB18158F45CA00F5F73A /* RecordDao.h */,
				CE1ABB19158F45CA00F5F73A /* RecordDao.m */,
				CE1ABB26158F463F00F5F73A /* RecordBean.h */,
				CE1ABB27158F464000F5F73A /* RecordBean.m */,
			);
			name = DAO;
			sourceTree = "<group>";
		};
		CE1ABB2C158F497D00F5F73A /* FMDB */ = {
			isa = PBXGroup;
			children = (
				CE1ABB2D158F498B00F5F73A /* FMDatabase.h */,
				CE1ABB2E158F498B00F5F73A /* FMDatabase.m */,
				CE1ABB2F158F498B00F5F73A /* FMDatabaseAdditions.h */,
				CE1ABB30158F498B00F5F73A /* FMDatabaseAdditions.m */,
				CE1ABB31158F498B00F5F73A /* FMResultSet.h */,
				CE1ABB32158F498B00F5F73A /* FMResultSet.m */,
			);
			name = FMDB;
			sourceTree = "<group>";
		};
		CEDC372A158F5976002A39C6 /* Server */ = {
			isa = PBXGroup;
			children = (
				CEDC372C158F5983002A39C6 /* PCServerCommunicator.h */,
				CEDC372D158F5983002A39C6 /* PCServerCommunicator.m */,
				CEDC372E158F5983002A39C6 /* PCServerPackageParser.h */,
				CEDC372F158F5983002A39C6 /* PCServerPackageParser.m */,
				CEDC3730158F5983002A39C6 /* PCURLConnection.h */,
				CEDC3731158F5983002A39C6 /* PCURLConnection.m */,
			);
			name = Server;
			sourceTree = "<group>";
		};
		CEDC3738158F5AE7002A39C6 /* Utility */ = {
			isa = PBXGroup;
			children = (
				CEFE8499158CBC5B007BE627 /* Constant.h */,
				CEFE849A158CBC5B007BE627 /* Constant.m */,
				CEFA5C2C158F5BAF0058A4B5 /* PCMacAddress.h */,
				CEFA5C2D158F5BAF0058A4B5 /* PCMacAddress.m */,
			);
			name = Utility;
			sourceTree = "<group>";
		};
		CEFA5C3A158F62E40058A4B5 /* Strategy */ = {
			isa = PBXGroup;
			children = (
				CE1ABB09158F407A00F5F73A /* Strategy.h */,
				CE1ABB0C158F435000F5F73A /* BayesModel.h */,
				CE1ABB0D158F435100F5F73A /* BayesModel.m */,
			);
			name = Strategy;
			sourceTree = "<group>";
		};
		CEFA5C3B158F63070058A4B5 /* DeviceSence */ = {
			isa = PBXGroup;
			children = (
				CEEDC9FD158C74EB00C965FC /* DeviceSence.h */,
				CEEDCA00158C755D00C965FC /* SuperDeviceSence.h */,
				CEEDCA01158C755D00C965FC /* SuperDeviceSence.m */,
				CEEDCA04158C7AC600C965FC /* TimeDeviceSence.h */,
				CEEDCA05158C7AC600C965FC /* TimeDeviceSence.m */,
			);
			name = DeviceSence;
			sourceTree = "<group>";
		};
		CEFA5C3C158F63340058A4B5 /* DataStruct */ = {
			isa = PBXGroup;
			children = (
				CEFA5C36158F61210058A4B5 /* RecordData.h */,
				CEFA5C37158F61210058A4B5 /* RecordData.m */,
			);
			name = DataStruct;
			sourceTree = "<group>";
		};
		CEFB181A158C5404007A121F = {
			isa = PBXGroup;
			children = (
				CEFB182A158C5404007A121F /* BehaviorFramework */,
				CEFB1827158C5404007A121F /* Frameworks */,
				CEFB1826158C5404007A121F /* Products */,
			);
			sourceTree = "<group>";
		};
		CEFB1826158C5404007A121F /* Products */ = {
			isa = PBXGroup;
			children = (
				CEFB1825158C5404007A121F /* libBehaviorFramework.a */,
			);
			name = Products;
			sourceTree = "<group>";
		};
		CEFB1827158C5404007A121F /* Frameworks */ = {
			isa = PBXGroup;
			children = (
				CE1ABB2C158F497D00F5F73A /* FMDB */,
				CE1ABB2A158F47E600F5F73A /* libsqlite3.dylib */,
				CEFB1828158C5404007A121F /* Foundation.framework */,
			);
			name = Frameworks;
			sourceTree = "<group>";
		};
		CEFB182A158C5404007A121F /* BehaviorFramework */ = {
			isa = PBXGroup;
			children = (
				CEFA5C3C158F63340058A4B5 /* DataStruct */,
				CEFA5C3B158F63070058A4B5 /* DeviceSence */,
				CEFA5C3A158F62E40058A4B5 /* Strategy */,
				CEDC3738158F5AE7002A39C6 /* Utility */,
				CEDC372A158F5976002A39C6 /* Server */,
				CE1ABB10158F45AC00F5F73A /* DAO */,
				CEFB182B158C5404007A121F /* Supporting Files */,
				CEFB1835158C54F4007A121F /* BehaviorController.h */,
				CEFB1836158C54F4007A121F /* BehaviorController.m */,
			);
			path = BehaviorFramework;
			sourceTree = "<group>";
		};
		CEFB182B158C5404007A121F /* Supporting Files */ = {
			isa = PBXGroup;
			children = (
				CEFB182D158C5404007A121F /* BehaviorFramework.h */,
				CEFB182E158C5404007A121F /* BehaviorFramework.m */,
				CEFB182C158C5404007A121F /* BehaviorFramework-Prefix.pch */,
			);
			name = "Supporting Files";
			sourceTree = "<group>";
		};
/* End PBXGroup section */

/* Begin PBXHeadersBuildPhase section */
		CEFB1823158C5404007A121F /* Headers */ = {
			isa = PBXHeadersBuildPhase;
			buildActionMask = 2147483647;
			files = (
				CEFB1837158C54F4007A121F /* BehaviorController.h in Headers */,
				CEEDC9FE158C74EB00C965FC /* DeviceSence.h in Headers */,
				CEEDCA02158C755D00C965FC /* SuperDeviceSence.h in Headers */,
				CEEDCA06158C7AC600C965FC /* TimeDeviceSence.h in Headers */,
				CEFE849B158CBC5B007BE627 /* Constant.h in Headers */,
				CE1ABB0A158F407B00F5F73A /* Strategy.h in Headers */,
				CE1ABB0E158F435100F5F73A /* BayesModel.h in Headers */,
				CE1ABB1A158F45CA00F5F73A /* DB.h in Headers */,
				CE1ABB1C158F45CA00F5F73A /* Record.h in Headers */,
				CE1ABB1E158F45CA00F5F73A /* BaseDao.h in Headers */,
				CE1ABB20158F45CA00F5F73A /* RecordDao.h in Headers */,
				CE1ABB28158F464000F5F73A /* RecordBean.h in Headers */,
				CE1ABB33158F498B00F5F73A /* FMDatabase.h in Headers */,
				CE1ABB35158F498B00F5F73A /* FMDatabaseAdditions.h in Headers */,
				CE1ABB37158F498B00F5F73A /* FMResultSet.h in Headers */,
				CEDC3732158F5983002A39C6 /* PCServerCommunicator.h in Headers */,
				CEDC3734158F5983002A39C6 /* PCServerPackageParser.h in Headers */,
				CEDC3736158F5983002A39C6 /* PCURLConnection.h in Headers */,
				CEFA5C2E158F5BAF0058A4B5 /* PCMacAddress.h in Headers */,
				CEFA5C38158F61220058A4B5 /* RecordData.h in Headers */,
			);
			runOnlyForDeploymentPostprocessing = 0;
		};
/* End PBXHeadersBuildPhase section */

/* Begin PBXNativeTarget section */
		CEFB1824158C5404007A121F /* BehaviorFramework */ = {
			isa = PBXNativeTarget;
			buildConfigurationList = CEFB1832158C5405007A121F /* Build configuration list for PBXNativeTarget "BehaviorFramework" */;
			buildPhases = (
				CEFB1821158C5404007A121F /* Sources */,
				CEFB1822158C5404007A121F /* Frameworks */,
				CEFB1823158C5404007A121F /* Headers */,
			);
			buildRules = (
			);
			dependencies = (
			);
			name = BehaviorFramework;
			productName = BehaviorFramework;
			productReference = CEFB1825158C5404007A121F /* libBehaviorFramework.a */;
			productType = "com.apple.product-type.library.static";
		};
/* End PBXNativeTarget section */

/* Begin PBXProject section */
		CEFB181C158C5404007A121F /* Project object */ = {
			isa = PBXProject;
			attributes = {
				LastUpgradeCheck = 0420;
			};
			buildConfigurationList = CEFB181F158C5404007A121F /* Build configuration list for PBXProject "BehaviorFramework" */;
			compatibilityVersion = "Xcode 3.2";
			developmentRegion = English;
			hasScannedForEncodings = 0;
			knownRegions = (
				en,
			);
			mainGroup = CEFB181A158C5404007A121F;
			productRefGroup = CEFB1826158C5404007A121F /* Products */;
			projectDirPath = "";
			projectRoot = "";
			targets = (
				CEFB1824158C5404007A121F /* BehaviorFramework */,
			);
		};
/* End PBXProject section */

/* Begin PBXSourcesBuildPhase section */
		CEFB1821158C5404007A121F /* Sources */ = {
			isa = PBXSourcesBuildPhase;
			buildActionMask = 2147483647;
			files = (
				CEFB182F158C5404007A121F /* BehaviorFramework.m in Sources */,
				CEFB1838158C54F4007A121F /* BehaviorController.m in Sources */,
				CEEDCA03158C755D00C965FC /* SuperDeviceSence.m in Sources */,
				CEEDCA07158C7AC600C965FC /* TimeDeviceSence.m in Sources */,
				CEFE849C158CBC5B007BE627 /* Constant.m in Sources */,
				CE1ABB0F158F435100F5F73A /* BayesModel.m in Sources */,
				CE1ABB1B158F45CA00F5F73A /* DB.m in Sources */,
				CE1ABB1D158F45CA00F5F73A /* Record.m in Sources */,
				CE1ABB1F158F45CA00F5F73A /* BaseDao.m in Sources */,
				CE1ABB21158F45CA00F5F73A /* RecordDao.m in Sources */,
				CE1ABB29158F464000F5F73A /* RecordBean.m in Sources */,
				CE1ABB34158F498B00F5F73A /* FMDatabase.m in Sources */,
				CE1ABB36158F498B00F5F73A /* FMDatabaseAdditions.m in Sources */,
				CE1ABB38158F498B00F5F73A /* FMResultSet.m in Sources */,
				CEDC3733158F5983002A39C6 /* PCServerCommunicator.m in Sources */,
				CEDC3735158F5983002A39C6 /* PCServerPackageParser.m in Sources */,
				CEDC3737158F5983002A39C6 /* PCURLConnection.m in Sources */,
				CEFA5C2F158F5BAF0058A4B5 /* PCMacAddress.m in Sources */,
				CEFA5C39158F61220058A4B5 /* RecordData.m in Sources */,
			);
			runOnlyForDeploymentPostprocessing = 0;
		};
/* End PBXSourcesBuildPhase section */

/* Begin XCBuildConfiguration section */
		CEFB1830158C5404007A121F /* Debug */ = {
			isa = XCBuildConfiguration;
			buildSettings = {
				ALWAYS_SEARCH_USER_PATHS = NO;
				ARCHS = "$(ARCHS_STANDARD_32_BIT)";
				COPY_PHASE_STRIP = NO;
				GCC_C_LANGUAGE_STANDARD = gnu99;
				GCC_DYNAMIC_NO_PIC = NO;
				GCC_OPTIMIZATION_LEVEL = 0;
				GCC_PREPROCESSOR_DEFINITIONS = (
					"DEBUG=1",
					"$(inherited)",
				);
				GCC_SYMBOLS_PRIVATE_EXTERN = NO;
				GCC_VERSION = com.apple.compilers.llvm.clang.1_0;
				GCC_WARN_ABOUT_MISSING_PROTOTYPES = YES;
				GCC_WARN_ABOUT_RETURN_TYPE = YES;
				GCC_WARN_UNUSED_VARIABLE = YES;
				IPHONEOS_DEPLOYMENT_TARGET = 5.0;
				SDKROOT = iphoneos;
			};
			name = Debug;
		};
		CEFB1831158C5404007A121F /* Release */ = {
			isa = XCBuildConfiguration;
			buildSettings = {
				ALWAYS_SEARCH_USER_PATHS = NO;
				ARCHS = "$(ARCHS_STANDARD_32_BIT)";
				COPY_PHASE_STRIP = YES;
				GCC_C_LANGUAGE_STANDARD = gnu99;
				GCC_VERSION = com.apple.compilers.llvm.clang.1_0;
				GCC_WARN_ABOUT_MISSING_PROTOTYPES = YES;
				GCC_WARN_ABOUT_RETURN_TYPE = YES;
				GCC_WARN_UNUSED_VARIABLE = YES;
				IPHONEOS_DEPLOYMENT_TARGET = 5.0;
				SDKROOT = iphoneos;
				VALIDATE_PRODUCT = YES;
			};
			name = Release;
		};
		CEFB1833158C5405007A121F /* Debug */ = {
			isa = XCBuildConfiguration;
			buildSettings = {
				DSTROOT = /tmp/BehaviorFramework.dst;
				GCC_PRECOMPILE_PREFIX_HEADER = YES;
				GCC_PREFIX_HEADER = "BehaviorFramework/BehaviorFramework-Prefix.pch";
				OTHER_LDFLAGS = "-ObjC";
				PRODUCT_NAME = "$(TARGET_NAME)";
				SKIP_INSTALL = YES;
			};
			name = Debug;
		};
		CEFB1834158C5405007A121F /* Release */ = {
			isa = XCBuildConfiguration;
			buildSettings = {
				DSTROOT = /tmp/BehaviorFramework.dst;
				GCC_PRECOMPILE_PREFIX_HEADER = YES;
				GCC_PREFIX_HEADER = "BehaviorFramework/BehaviorFramework-Prefix.pch";
				OTHER_LDFLAGS = "-ObjC";
				PRODUCT_NAME = "$(TARGET_NAME)";
				SKIP_INSTALL = YES;
			};
			name = Release;
		};
/* End XCBuildConfiguration section */

/* Begin XCConfigurationList section */
		CEFB181F158C5404007A121F /* Build configuration list for PBXProject "BehaviorFramework" */ = {
			isa = XCConfigurationList;
			buildConfigurations = (
				CEFB1830158C5404007A121F /* Debug */,
				CEFB1831158C5404007A121F /* Release */,
			);
			defaultConfigurationIsVisible = 0;
			defaultConfigurationName = Release;
		};
		CEFB1832158C5405007A121F /* Build configuration list for PBXNativeTarget "BehaviorFramework" */ = {
			isa = XCConfigurationList;
			buildConfigurations = (
				CEFB1833158C5405007A121F /* Debug */,
				CEFB1834158C5405007A121F /* Release */,
			);
			defaultConfigurationIsVisible = 0;
			defaultConfigurationName = Release;
		};
/* End XCConfigurationList section */
	};
	rootObject = CEFB181C158C5404007A121F /* Project object */;
}
